
Microsoft Visual Studio Solution File, Format Version 12.00
# Visual Studio 15
VisualStudioVersion = 15.0.27703.2000
MinimumVisualStudioVersion = 10.0.40219.1
Project("{FAE04EC0-301F-11D3-BF4B-00C04F79EFBC}") = "WindowsFormsApp1", "WindowsFormsApp1\WindowsFormsApp1.csproj", "{ABD6515C-3715-40D8-B6DA-0BC1D1FDBA17}"
EndProject
Global
	GlobalSection(SolutionConfigurationPlatforms) = preSolution
		Debug|Any CPU = Debug|Any CPU
		Release|Any CPU = Release|Any CPU
	EndGlobalSection
	GlobalSection(ProjectConfigurationPlatforms) = postSolution
		{ABD6515C-3715-40D8-B6DA-0BC1D1FDBA17}.Debug|Any CPU.ActiveCfg = Debug|Any CPU
		{ABD6515C-3715-40D8-B6DA-0BC1D1FDBA17}.Debug|Any CPU.Build.0 = Debug|Any CPU
		{ABD6515C-3715-40D8-B6DA-0BC1D1FDBA17}.Release|Any CPU.ActiveCfg = Release|Any CPU
		{ABD6515C-3715-40D8-B6DA-0BC1D1FDBA17}.Release|Any CPU.Build.0 = Release|Any CPU
	EndGlobalSection
	GlobalSection(SolutionProperties) = preSolution
		HideSolutionNode = FALSE
	EndGlobalSection
	GlobalSection(ExtensibilityGlobals) = postSolution
		SolutionGuid = {9F8E227B-5163-4740-BB1D-96AEF8B9C57D}
	EndGlobalSection
EndGlobal
